Microsoft Visual Studio Solution File, Format Version 12.00
# Visual Studio Version 17
VisualStudioVersion = 17.0.31903.59
MinimumVisualStudioVersion = 10.0.40219.1
Project("{FAE04EC0-301F-11D3-BF4B-00C04F79EFBC}") = "ProyectosInnova.Domain", "src\ProyectosInnova.Domain\ProyectosInnova.Domain.csproj", "{6C6F7B6E-3C2F-49A2-A2D1-1D32A7D8BBD1}"
EndProject
Project("{FAE04EC0-301F-11D3-BF4B-00C04F79EFBC}") = "ProyectosInnova.Application", "src\ProyectosInnova.Application\ProyectosInnova.Application.csproj", "{7A31B3D2-1E9B-42F1-B0D6-A8C6B7C7B65F}"
EndProject
Project("{FAE04EC0-301F-11D3-BF4B-00C04F79EFBC}") = "ProyectosInnova.Infrastructure", "src\ProyectosInnova.Infrastructure\ProyectosInnova.Infrastructure.csproj", "{8A4C3773-A71C-4FE4-9DA3-5F40A65F0D2F}"
EndProject
Project("{FAE04EC0-301F-11D3-BF4B-00C04F79EFBC}") = "ProyectosInnova.Api", "src\ProyectosInnova.Api\ProyectosInnova.Api.csproj", "{9B6E0B0B-BF5B-4A42-BC3C-0ECF4F6C4A6A}"
EndProject
Global
	GlobalSection(SolutionConfigurationPlatforms) = preSolution
		Debug|Any CPU = Debug|Any CPU
		Release|Any CPU = Release|Any CPU
	EndGlobalSection
	GlobalSection(ProjectConfigurationPlatforms) = postSolution
		{6C6F7B6E-3C2F-49A2-A2D1-1D32A7D8BBD1}.Debug|Any CPU.ActiveCfg = Debug|Any CPU
		{6C6F7B6E-3C2F-49A2-A2D1-1D32A7D8BBD1}.Debug|Any CPU.Build.0 = Debug|Any CPU
		{6C6F7B6E-3C2F-49A2-A2D1-1D32A7D8BBD1}.Release|Any CPU.ActiveCfg = Release|Any CPU
		{6C6F7B6E-3C2F-49A2-A2D1-1D32A7D8BBD1}.Release|Any CPU.Build.0 = Release|Any CPU
		{7A31B3D2-1E9B-42F1-B0D6-A8C6B7C7B65F}.Debug|Any CPU.ActiveCfg = Debug|Any CPU
		{7A31B3D2-1E9B-42F1-B0D6-A8C6B7C7B65F}.Debug|Any CPU.Build.0 = Debug|Any CPU
		{7A31B3D2-1E9B-42F1-B0D6-A8C6B7C7B65F}.Release|Any CPU.ActiveCfg = Release|Any CPU
		{7A31B3D2-1E9B-42F1-B0D6-A8C6B7C7B65F}.Release|Any CPU.Build.0 = Release|Any CPU
		{8A4C3773-A71C-4FE4-9DA3-5F40A65F0D2F}.Debug|Any CPU.ActiveCfg = Debug|Any CPU
		{8A4C3773-A71C-4FE4-9DA3-5F40A65F0D2F}.Debug|Any CPU.Build.0 = Debug|Any CPU
		{8A4C3773-A71C-4FE4-9DA3-5F40A65F0D2F}.Release|Any CPU.ActiveCfg = Release|Any CPU
		{8A4C3773-A71C-4FE4-9DA3-5F40A65F0D2F}.Release|Any CPU.Build.0 = Release|Any CPU
		{9B6E0B0B-BF5B-4A42-BC3C-0ECF4F6C4A6A}.Debug|Any CPU.ActiveCfg = Debug|Any CPU
		{9B6E0B0B-BF5B-4A42-BC3C-0ECF4F6C4A6A}.Debug|Any CPU.Build.0 = Debug|Any CPU
		{9B6E0B0B-BF5B-4A42-BC3C-0ECF4F6C4A6A}.Release|Any CPU.ActiveCfg = Release|Any CPU
		{9B6E0B0B-BF5B-4A42-BC3C-0ECF4F6C4A6A}.Release|Any CPU.Build.0 = Release|Any CPU
	EndGlobalSection
EndGlobal

